
Microsoft Visual Studio Solution File, Format Version 12.00
Project("{FAE04EC0-301F-11D3-BF4B-00C04F79EFBC}") = "YASAM", "YASAM\YASAM.csproj", "{73100BF2-5C12-4B63-878C-3F3445682D6F}"
EndProject
Project("{FAE04EC0-301F-11D3-BF4B-00C04F79EFBC}") = "YASAM.ViewModels", "YASAM.ViewModels\YASAM.ViewModels.csproj", "{3BA0DC37-0415-4D6D-A0D0-1523822793DD}"
EndProject
Project("{FAE04EC0-301F-11D3-BF4B-00C04F79EFBC}") = "YASAM.SteamInterface", "YASAM.SteamInterface\YASAM.SteamInterface.csproj", "{AE7EDDFE-57C0-4F14-993A-CEB1AA611B5B}"
EndProject
Project("{FAE04EC0-301F-11D3-BF4B-00C04F79EFBC}") = "YASAM.Data", "YASAM.Data\YASAM.Data.csproj", "{B19E6833-F6F1-4FCE-88B5-0F2B9B4B938E}"
EndProject
Project("{FAE04EC0-301F-11D3-BF4B-00C04F79EFBC}") = "YASAM.Services.Client", "YASAM.Services.Client\YASAM.Services.Client.csproj", "{E3320EEF-39D7-45C0-AC7A-6107CA6793A3}"
EndProject
Global
	GlobalSection(SolutionConfigurationPlatforms) = preSolution
		Debug|Any CPU = Debug|Any CPU
		Release|Any CPU = Release|Any CPU
	EndGlobalSection
	GlobalSection(ProjectConfigurationPlatforms) = postSolution
		{73100BF2-5C12-4B63-878C-3F3445682D6F}.Debug|Any CPU.ActiveCfg = Debug|Any CPU
		{73100BF2-5C12-4B63-878C-3F3445682D6F}.Debug|Any CPU.Build.0 = Debug|Any CPU
		{73100BF2-5C12-4B63-878C-3F3445682D6F}.Release|Any CPU.ActiveCfg = Release|Any CPU
		{73100BF2-5C12-4B63-878C-3F3445682D6F}.Release|Any CPU.Build.0 = Release|Any CPU
		{3BA0DC37-0415-4D6D-A0D0-1523822793DD}.Debug|Any CPU.ActiveCfg = Debug|Any CPU
		{3BA0DC37-0415-4D6D-A0D0-1523822793DD}.Debug|Any CPU.Build.0 = Debug|Any CPU
		{3BA0DC37-0415-4D6D-A0D0-1523822793DD}.Release|Any CPU.ActiveCfg = Release|Any CPU
		{3BA0DC37-0415-4D6D-A0D0-1523822793DD}.Release|Any CPU.Build.0 = Release|Any CPU
		{AE7EDDFE-57C0-4F14-993A-CEB1AA611B5B}.Debug|Any CPU.ActiveCfg = Debug|Any CPU
		{AE7EDDFE-57C0-4F14-993A-CEB1AA611B5B}.Debug|Any CPU.Build.0 = Debug|Any CPU
		{AE7EDDFE-57C0-4F14-993A-CEB1AA611B5B}.Release|Any CPU.ActiveCfg = Release|Any CPU
		{AE7EDDFE-57C0-4F14-993A-CEB1AA611B5B}.Release|Any CPU.Build.0 = Release|Any CPU
		{B19E6833-F6F1-4FCE-88B5-0F2B9B4B938E}.Debug|Any CPU.ActiveCfg = Debug|Any CPU
		{B19E6833-F6F1-4FCE-88B5-0F2B9B4B938E}.Debug|Any CPU.Build.0 = Debug|Any CPU
		{B19E6833-F6F1-4FCE-88B5-0F2B9B4B938E}.Release|Any CPU.ActiveCfg = Release|Any CPU
		{B19E6833-F6F1-4FCE-88B5-0F2B9B4B938E}.Release|Any CPU.Build.0 = Release|Any CPU
		{E3320EEF-39D7-45C0-AC7A-6107CA6793A3}.Debug|Any CPU.ActiveCfg = Debug|Any CPU
		{E3320EEF-39D7-45C0-AC7A-6107CA6793A3}.Debug|Any CPU.Build.0 = Debug|Any CPU
		{E3320EEF-39D7-45C0-AC7A-6107CA6793A3}.Release|Any CPU.ActiveCfg = Release|Any CPU
		{E3320EEF-39D7-45C0-AC7A-6107CA6793A3}.Release|Any CPU.Build.0 = Release|Any CPU
	EndGlobalSection
EndGlobal
